// !$*UTF8*$!
{
	archiveVersion = 1;
	classes = {
	};
	objectVersion = 50;
	objects = {

/* Begin PBXBuildFile section */
		1C65F230210BC8910097A4BD /* AppDelegate.swift in Sources */ = {isa = PBXBuildFile; fileRef = 1C65F22F210BC8910097A4BD /* AppDelegate.swift */; };
		1C65F232210BC8910097A4BD /* ViewController.swift in Sources */ = {isa = PBXBuildFile; fileRef = 1C65F231210BC8910097A4BD /* ViewController.swift */; };
		1C65F235210BC8910097A4BD /* Main.storyboard in Resources */ = {isa = PBXBuildFile; fileRef = 1C65F233210BC8910097A4BD /* Main.storyboard */; };
		1C65F238210BC8910097A4BD /* recipeError.xcdatamodeld in Sources */ = {isa = PBXBuildFile; fileRef = 1C65F236210BC8910097A4BD /* recipeError.xcdatamodeld */; };
		1C65F23A210BC8920097A4BD /* Assets.xcassets in Resources */ = {isa = PBXBuildFile; fileRef = 1C65F239210BC8920097A4BD /* Assets.xcassets */; };
		1C65F23D210BC8920097A4BD /* LaunchScreen.storyboard in Resources */ = {isa = PBXBuildFile; fileRef = 1C65F23B210BC8920097A4BD /* LaunchScreen.storyboard */; };
/* End PBXBuildFile section */

/* Begin PBXFileReference section */
		1C65F22C210BC8910097A4BD /* recipeError.app */ = {isa = PBXFileReference; explicitFileType = wrapper.application; includeInIndex = 0; path = recipeError.app; sourceTree = BUILT_PRODUCTS_DIR; };
		1C65F22F210BC8910097A4BD /* AppDelegate.swift */ = {isa = PBXFileReference; lastKnownFileType = sourcecode.swift; path = AppDelegate.swift; sourceTree = "<group>"; };
		1C65F231210BC8910097A4BD /* ViewController.swift */ = {isa = PBXFileReference; lastKnownFileType = sourcecode.swift; path = ViewController.swift; sourceTree = "<group>"; };
		1C65F234210BC8910097A4BD /* Base */ = {isa = PBXFileReference; lastKnownFileType = file.storyboard; name = Base; path = Base.lproj/Main.storyboard; sourceTree = "<group>"; };
		1C65F237210BC8910097A4BD /* recipeError.xcdatamodel */ = {isa = PBXFileReference; lastKnownFileType = wrapper.xcdatamodel; path = recipeError.xcdatamodel; sourceTree = "<group>"; };
		1C65F239210BC8920097A4BD /* Assets.xcassets */ = {isa = PBXFileReference; lastKnownFileType = folder.assetcatalog; path = Assets.xcassets; sourceTree = "<group>"; };
		1C65F23C210BC8920097A4BD /* Base */ = {isa = PBXFileReference; lastKnownFileType = file.storyboard; name = Base; path = Base.lproj/LaunchScreen.storyboard; sourceTree = "<group>"; };
		1C65F23E210BC8920097A4BD /* Info.plist */ = {isa = PBXFileReference; lastKnownFileType = text.plist.xml; path = Info.plist; sourceTree = "<group>"; };
/* End PBXFileReference section */

/* Begin PBXFrameworksBuildPhase section */
		1C65F229210BC8910097A4BD /* Frameworks */ = {
			isa = PBXFrameworksBuildPhase;
			buildActionMask = 2147483647;
			files = (
			);
			runOnlyForDeploymentPostprocessing = 0;
		};
/* End PBXFrameworksBuildPhase section */

/* Begin PBXGroup section */
		1C65F223210BC8910097A4BD = {
			isa = PBXGroup;
			children = (
				1C65F22E210BC8910097A4BD /* recipeError */,
				1C65F22D210BC8910097A4BD /* Products */,
			);
			sourceTree = "<group>";
		};
		1C65F22D210BC8910097A4BD /* Products */ = {
			isa = PBXGroup;
			children = (
				1C65F22C210BC8910097A4BD /* recipeError.app */,
			);
			name = Products;
			sourceTree = "<group>";
		};
		1C65F22E210BC8910097A4BD /* recipeError */ = {
			isa = PBXGroup;
			children = (
				1C65F22F210BC8910097A4BD /* AppDelegate.swift */,
				1C65F231210BC8910097A4BD /* ViewController.swift */,
				1C65F233210BC8910097A4BD /* Main.storyboard */,
				1C65F239210BC8920097A4BD /* Assets.xcassets */,
				1C65F23B210BC8920097A4BD /* LaunchScreen.storyboard */,
				1C65F23E210BC8920097A4BD /* Info.plist */,
				1C65F236210BC8910097A4BD /* recipeError.xcdatamodeld */,
			);
			path = recipeError;
			sourceTree = "<group>";
		};
/* End PBXGroup section */

/* Begin PBXNativeTarget section */
		1C65F22B210BC8910097A4BD /* recipeError */ = {
			isa = PBXNativeTarget;
			buildConfigurationList = 1C65F241210BC8920097A4BD /* Build configuration list for PBXNativeTarget "recipeError" */;
			buildPhases = (
				1C65F228210BC8910097A4BD /* Sources */,
				1C65F229210BC8910097A4BD /* Frameworks */,
				1C65F22A210BC8910097A4BD /* Resources */,
			);
			buildRules = (
			);
			dependencies = (
			);
			name = recipeError;
			productName = recipeError;
			productReference = 1C65F22C210BC8910097A4BD /* recipeError.app */;
			productType = "com.apple.product-type.application";
		};
/* End PBXNativeTarget section */

/* Begin PBXProject section */
		1C65F224210BC8910097A4BD /* Project object */ = {
			isa = PBXProject;
			attributes = {
				LastSwiftUpdateCheck = 0940;
				LastUpgradeCheck = 0940;
				ORGANIZATIONNAME = "Ümit Sevim";
				TargetAttributes = {
					1C65F22B210BC8910097A4BD = {
						CreatedOnToolsVersion = 9.4.1;
					};
				};
			};
			buildConfigurationList = 1C65F227210BC8910097A4BD /* Build configuration list for PBXProject "recipeError" */;
			compatibilityVersion = "Xcode 9.3";
			developmentRegion = en;
			hasScannedForEncodings = 0;
			knownRegions = (
				en,
				Base,
			);
			mainGroup = 1C65F223210BC8910097A4BD;
			productRefGroup = 1C65F22D210BC8910097A4BD /* Products */;
			projectDirPath = "";
			projectRoot = "";
			targets = (
				1C65F22B210BC8910097A4BD /* recipeError */,
			);
		};
/* End PBXProject section */

/* Begin PBXResourcesBuildPhase section */
		1C65F22A210BC8910097A4BD /* Resources */ = {
			isa = PBXResourcesBuildPhase;
			buildActionMask = 2147483647;
			files = (
				1C65F23D210BC8920097A4BD /* LaunchScreen.storyboard in Resources */,
				1C65F23A210BC8920097A4BD /* Assets.xcassets in Resources */,
				1C65F235210BC8910097A4BD /* Main.storyboard in Resources */,
			);
			runOnlyForDeploymentPostprocessing = 0;
		};
/* End PBXResourcesBuildPhase section */

/* Begin PBXSourcesBuildPhase section */
		1C65F228210BC8910097A4BD /* Sources */ = {
			isa = PBXSourcesBuildPhase;
			buildActionMask = 2147483647;
			files = (
				1C65F232210BC8910097A4BD /* ViewController.swift in Sources */,
				1C65F230210BC8910097A4BD /* AppDelegate.swift in Sources */,
				1C65F238210BC8910097A4BD /* recipeError.xcdatamodeld in Sources */,
			);
			runOnlyForDeploymentPostprocessing = 0;
		};
/* End PBXSourcesBuildPhase section */

/* Begin PBXVariantGroup section */
		1C65F233210BC8910097A4BD /* Main.storyboard */ = {
			isa = PBXVariantGroup;
			children = (
				1C65F234210BC8910097A4BD /* Base */,
			);
			name = Main.storyboard;
			sourceTree = "<group>";
		};
		1C65F23B210BC8920097A4BD /* LaunchScreen.storyboard */ = {
			isa = PBXVariantGroup;
			children = (
				1C65F23C210BC8920097A4BD /* Base */,
			);
			name = LaunchScreen.storyboard;
			sourceTree = "<group>";
		};
/* End PBXVariantGroup section */

/* Begin XCBuildConfiguration section */
		1C65F23F210BC8920097A4BD /* Debug */ = {
			isa = XCBuildConfiguration;
			buildSettings = {
				ALWAYS_SEARCH_USER_PATHS = NO;
				CLANG_ANALYZER_NONNULL = YES;
				CLANG_ANALYZER_NUMBER_OBJECT_CONVERSION = YES_AGGRESSIVE;
				CLANG_CXX_LANGUAGE_STANDARD = "gnu++14";
				CLANG_CXX_LIBRARY = "libc++";
				CLANG_ENABLE_MODULES = YES;
				CLANG_ENABLE_OBJC_ARC = YES;
				CLANG_ENABLE_OBJC_WEAK = YES;
				CLANG_WARN_BLOCK_CAPTURE_AUTORELEASING = YES;
				CLANG_WARN_BOOL_CONVERSION = YES;
				CLANG_WARN_COMMA = YES;
				CLANG_WARN_CONSTANT_CONVERSION = YES;
				CLANG_WARN_DEPRECATED_OBJC_IMPLEMENTATIONS = YES;
				CLANG_WARN_DIRECT_OBJC_ISA_USAGE = YES_ERROR;
				CLANG_WARN_DOCUMENTATION_COMMENTS = YES;
				CLANG_WARN_EMPTY_BODY = YES;
				CLANG_WARN_ENUM_CONVERSION = YES;
				CLANG_WARN_INFINITE_RECURSION = YES;
				CLANG_WARN_INT_CONVERSION = YES;
				CLANG_WARN_NON_LITERAL_NULL_CONVERSION = YES;
				CLANG_WARN_OBJC_IMPLICIT_RETAIN_SELF = YES;
				CLANG_WARN_OBJC_LITERAL_CONVERSION = YES;
				CLANG_WARN_OBJC_ROOT_CLASS = YES_ERROR;
				CLANG_WARN_RANGE_LOOP_ANALYSIS = YES;
				CLANG_WARN_STRICT_PROTOTYPES = YES;
				CLANG_WARN_SUSPICIOUS_MOVE = YES;
				CLANG_WARN_UNGUARDED_AVAILABILITY = YES_AGGRESSIVE;
				CLANG_WARN_UNREACHABLE_CODE = YES;
				CLANG_WARN__DUPLICATE_METHOD_MATCH = YES;
				CODE_SIGN_IDENTITY = "iPhone Developer";
				COPY_PHASE_STRIP = NO;
				DEBUG_INFORMATION_FORMAT = dwarf;
				ENABLE_STRICT_OBJC_MSGSEND = YES;
				ENABLE_TESTABILITY = YES;
				GCC_C_LANGUAGE_STANDARD = gnu11;
				GCC_DYNAMIC_NO_PIC = NO;
				GCC_NO_COMMON_BLOCKS = YES;
				GCC_OPTIMIZATION_LEVEL = 0;
				GCC_PREPROCESSOR_DEFINITIONS = (
					"DEBUG=1",
					"$(inherited)",
				);
				GCC_WARN_64_TO_32_BIT_CONVERSION = YES;
				GCC_WARN_ABOUT_RETURN_TYPE = YES_ERROR;
				GCC_WARN_UNDECLARED_SELECTOR = YES;
				GCC_WARN_UNINITIALIZED_AUTOS = YES_AGGRESSIVE;
				GCC_WARN_UNUSED_FUNCTION = YES;
				GCC_WARN_UNUSED_VARIABLE = YES;
				IPHONEOS_DEPLOYMENT_TARGET = 11.4;
				MTL_ENABLE_DEBUG_INFO = YES;
				ONLY_ACTIVE_ARCH = YES;
				SDKROOT = iphoneos;
				SWIFT_ACTIVE_COMPILATION_CONDITIONS = DEBUG;
				SWIFT_OPTIMIZATION_LEVEL = "-Onone";
			};
			name = Debug;
		};
		1C65F240210BC8920097A4BD /* Release */ = {
			isa = XCBuildConfiguration;
			buildSettings = {
				ALWAYS_SEARCH_USER_PATHS = NO;
				CLANG_ANALYZER_NONNULL = YES;
				CLANG_ANALYZER_NUMBER_OBJECT_CONVERSION = YES_AGGRESSIVE;
				CLANG_CXX_LANGUAGE_STANDARD = "gnu++14";
				CLANG_CXX_LIBRARY = "libc++";
				CLANG_ENABLE_MODULES = YES;
				CLANG_ENABLE_OBJC_ARC = YES;
				CLANG_ENABLE_OBJC_WEAK = YES;
				CLANG_WARN_BLOCK_CAPTURE_AUTORELEASING = YES;
				CLANG_WARN_BOOL_CONVERSION = YES;
				CLANG_WARN_COMMA = YES;
				CLANG_WARN_CONSTANT_CONVERSION = YES;
				CLANG_WARN_DEPRECATED_OBJC_IMPLEMENTATIONS = YES;
				CLANG_WARN_DIRECT_OBJC_ISA_USAGE = YES_ERROR;
				CLANG_WARN_DOCUMENTATION_COMMENTS = YES;
				CLANG_WARN_EMPTY_BODY = YES;
				CLANG_WARN_ENUM_CONVERSION = YES;
				CLANG_WARN_INFINITE_RECURSION = YES;
				CLANG_WARN_INT_CONVERSION = YES;
				CLANG_WARN_NON_LITERAL_NULL_CONVERSION = YES;
				CLANG_WARN_OBJC_IMPLICIT_RETAIN_SELF = YES;
				CLANG_WARN_OBJC_LITERAL_CONVERSION = YES;
				CLANG_WARN_OBJC_ROOT_CLASS = YES_ERROR;
				CLANG_WARN_RANGE_LOOP_ANALYSIS = YES;
				CLANG_WARN_STRICT_PROTOTYPES = YES;
				CLANG_WARN_SUSPICIOUS_MOVE = YES;
				CLANG_WARN_UNGUARDED_AVAILABILITY = YES_AGGRESSIVE;
				CLANG_WARN_UNREACHABLE_CODE = YES;
				CLANG_WARN__DUPLICATE_METHOD_MATCH = YES;
				CODE_SIGN_IDENTITY = "iPhone Developer";
				COPY_PHASE_STRIP = NO;
				DEBUG_INFORMATION_FORMAT = "dwarf-with-dsym";
				ENABLE_NS_ASSERTIONS = NO;
				ENABLE_STRICT_OBJC_MSGSEND = YES;
				GCC_C_LANGUAGE_STANDARD = gnu11;
				GCC_NO_COMMON_BLOCKS = YES;
				GCC_WARN_64_TO_32_BIT_CONVERSION = YES;
				GCC_WARN_ABOUT_RETURN_TYPE = YES_ERROR;
				GCC_WARN_UNDECLARED_SELECTOR = YES;
				GCC_WARN_UNINITIALIZED_AUTOS = YES_AGGRESSIVE;
				GCC_WARN_UNUSED_FUNCTION = YES;
				GCC_WARN_UNUSED_VARIABLE = YES;
				IPHONEOS_DEPLOYMENT_TARGET = 11.4;
				MTL_ENABLE_DEBUG_INFO = NO;
				SDKROOT = iphoneos;
				SWIFT_COMPILATION_MODE = wholemodule;
				SWIFT_OPTIMIZATION_LEVEL = "-O";
				VALIDATE_PRODUCT = YES;
			};
			name = Release;
		};
		1C65F242210BC8920097A4BD /* Debug */ = {
			isa = XCBuildConfiguration;
			buildSettings = {
				ASSETCATALOG_COMPILER_APPICON_NAME = AppIcon;
				CODE_SIGN_STYLE = Automatic;
				DEVELOPMENT_TEAM = W9GH4AHJ89;
				INFOPLIST_FILE = recipeError/Info.plist;
				LD_RUNPATH_SEARCH_PATHS = (
					"$(inherited)",
					"@executable_path/Frameworks",
				);
				PRODUCT_BUNDLE_IDENTIFIER = "artan-design.de.recipeError";
				PRODUCT_NAME = "$(TARGET_NAME)";
				SWIFT_VERSION = 4.0;
				TARGETED_DEVICE_FAMILY = "1,2";
			};
			name = Debug;
		};
		1C65F243210BC8920097A4BD /* Release */ = {
			isa = XCBuildConfiguration;
			buildSettings = {
				ASSETCATALOG_COMPILER_APPICON_NAME = AppIcon;
				CODE_SIGN_STYLE = Automatic;
				DEVELOPMENT_TEAM = W9GH4AHJ89;
				INFOPLIST_FILE = recipeError/Info.plist;
				LD_RUNPATH_SEARCH_PATHS = (
					"$(inherited)",
					"@executable_path/Frameworks",
				);
				PRODUCT_BUNDLE_IDENTIFIER = "artan-design.de.recipeError";
				PRODUCT_NAME = "$(TARGET_NAME)";
				SWIFT_VERSION = 4.0;
				TARGETED_DEVICE_FAMILY = "1,2";
			};
			name = Release;
		};
/* End XCBuildConfiguration section */

/* Begin XCConfigurationList section */
		1C65F227210BC8910097A4BD /* Build configuration list for PBXProject "recipeError" */ = {
			isa = XCConfigurationList;
			buildConfigurations = (
				1C65F23F210BC8920097A4BD /* Debug */,
				1C65F240210BC8920097A4BD /* Release */,
			);
			defaultConfigurationIsVisible = 0;
			defaultConfigurationName = Release;
		};
		1C65F241210BC8920097A4BD /* Build configuration list for PBXNativeTarget "recipeError" */ = {
			isa = XCConfigurationList;
			buildConfigurations = (
				1C65F242210BC8920097A4BD /* Debug */,
				1C65F243210BC8920097A4BD /* Release */,
			);
			defaultConfigurationIsVisible = 0;
			defaultConfigurationName = Release;
		};
/* End XCConfigurationList section */

/* Begin XCVersionGroup section */
		1C65F236210BC8910097A4BD /* recipeError.xcdatamodeld */ = {
			isa = XCVersionGroup;
			children = (
				1C65F237210BC8910097A4BD /* recipeError.xcdatamodel */,
			);
			currentVersion = 1C65F237210BC8910097A4BD /* recipeError.xcdatamodel */;
			path = recipeError.xcdatamodeld;
			sourceTree = "<group>";
			versionGroupType = wrapper.xcdatamodel;
		};
/* End XCVersionGroup section */
	};
	rootObject = 1C65F224210BC8910097A4BD /* Project object */;
}
